<?xml version="1.0" encoding="utf-8"?>
<Project ToolsVersion="4.0" xmlns="http://schemas.microsoft.com/developer/msbuild/2003">
  <ItemGroup>
    <ClInclude Include="..\gperftools\src\addressmap-inl.h" />
    <ClInclude Include="..\gperftools\src\central_freelist.h" />
    <ClInclude Include="..\gperftools\src\common.h" />
    <ClInclude Include="..\gperftools\src\heap-profile-table.h" />
    <ClInclude Include="..\gperftools\src\internal_logging.h" />
    <ClInclude Include="..\gperftools\src\base\atomicops-internals-macosx.h">
      <Filter>base</Filter>
    </ClInclude>
    <ClInclude Include="..\gperftools\src\base\atomicops-internals-x86.h">
      <Filter>base</Filter>
    </ClInclude>
    <ClInclude Include="..\gperftools\src\base\atomicops-internals-windows.h">
      <Filter>base</Filter>
    </ClInclude>
    <ClInclude Include="..\gperftools\src\base\atomicops.h">
      <Filter>base</Filter>
    </ClInclude>
    <ClInclude Include="..\gperftools\src\base\basictypes.h">
      <Filter>base</Filter>
    </ClInclude>
    <ClInclude Include="..\gperftools\src\base\commandlineflags.h">
      <Filter>base</Filter>
    </ClInclude>
    <ClInclude Include="..\gperftools\src\base\dynamic_annotations.h">
      <Filter>base</Filter>
    </ClInclude>
    <ClInclude Include="..\gperftools\src\base\logging.h">
      <Filter>base</Filter>
    </ClInclude>
    <ClInclude Include="..\gperftools\src\base\low_level_alloc.h">
      <Filter>base</Filter>
    </ClInclude>
    <ClInclude Include="..\gperftools\src\malloc_hook-inl.h" />
    <ClInclude Include="..\gperftools\src\memory_region_map.h" />
    <ClInclude Include="..\gperftools\src\windows\mini_disassembler.h">
      <Filter>windows</Filter>
    </ClInclude>
    <ClInclude Include="..\gperftools\src\windows\mini_disassembler_types.h">
      <Filter>windows</Filter>
    </ClInclude>
    <ClInclude Include="..\gperftools\src\page_heap.h" />
    <ClInclude Include="..\gperftools\src\windows\port.h">
      <Filter>windows</Filter>
    </ClInclude>
    <ClInclude Include="..\gperftools\src\windows\preamble_patcher.h">
      <Filter>windows</Filter>
    </ClInclude>
    <ClInclude Include="..\gperftools\src\raw_printer.h" />
    <ClInclude Include="..\gperftools\src\sampler.h" />
    <ClInclude Include="..\gperftools\src\span.h" />
    <ClInclude Include="..\gperftools\src\stack_trace_table.h" />
    <ClInclude Include="..\gperftools\src\stacktrace_config.h" />
    <ClInclude Include="..\gperftools\src\stacktrace_generic-inl.h" />
    <ClInclude Include="..\gperftools\src\stacktrace_win32-inl.h" />
    <ClInclude Include="..\gperftools\src\stacktrace_x86-inl.h" />
    <ClInclude Include="..\gperftools\src\base\spinlock.h">
      <Filter>base</Filter>
    </ClInclude>
    <ClInclude Include="..\gperftools\src\base\spinlock_internal.h">
      <Filter>base</Filter>
    </ClInclude>
    <ClInclude Include="..\gperftools\src\base\spinlock_win32-inl.h">
      <Filter>base</Filter>
    </ClInclude>
    <ClInclude Include="..\gperftools\src\static_vars.h" />
    <ClInclude Include="..\gperftools\src\symbolize.h" />
    <ClInclude Include="..\gperftools\src\base\sysinfo.h">
      <Filter>base</Filter>
    </ClInclude>
    <ClInclude Include="..\gperftools\src\thread_cache.h" />
    <ClInclude Include="..\gperftools\src\base\stl_allocator.h">
      <Filter>base</Filter>
    </ClInclude>
  </ItemGroup>
  <ItemGroup>
    <ClCompile Include="..\gperftools\src\central_freelist.cc" />
    <ClCompile Include="..\gperftools\src\common.cc" />
    <ClCompile Include="..\gperftools\src\heap-profile-table.cc" />
    <ClCompile Include="..\gperftools\src\internal_logging.cc" />
    <ClCompile Include="..\gperftools\src\base\dynamic_annotations.c">
      <Filter>base</Filter>
    </ClCompile>
    <ClCompile Include="..\gperftools\src\windows\ia32_opcode_map.cc">
      <Filter>windows</Filter>
    </ClCompile>
    <ClCompile Include="..\gperftools\src\windows\ia32_modrm_map.cc">
      <Filter>windows</Filter>
    </ClCompile>
    <ClCompile Include="..\gperftools\src\base\logging.cc">
      <Filter>base</Filter>
    </ClCompile>
    <ClCompile Include="..\gperftools\src\base\low_level_alloc.cc">
      <Filter>base</Filter>
    </ClCompile>
    <ClCompile Include="..\gperftools\src\malloc_extension.cc" />
    <ClCompile Include="..\gperftools\src\malloc_hook.cc" />
    <ClCompile Include="..\gperftools\src\memory_region_map.cc" />
    <ClCompile Include="..\gperftools\src\windows\mini_disassembler.cc">
      <Filter>windows</Filter>
    </ClCompile>
    <ClCompile Include="..\gperftools\src\page_heap.cc" />
    <ClCompile Include="..\gperftools\src\windows\patch_functions.cc">
      <Filter>windows</Filter>
    </ClCompile>
    <ClCompile Include="..\gperftools\src\windows\port.cc">
      <Filter>windows</Filter>
    </ClCompile>
    <ClCompile Include="..\gperftools\src\windows\preamble_patcher.cc">
      <Filter>windows</Filter>
    </ClCompile>
    <ClCompile Include="..\gperftools\src\windows\preamble_patcher_with_stub.cc">
      <Filter>windows</Filter>
    </ClCompile>
    <ClCompile Include="..\gperftools\src\raw_printer.cc" />
    <ClCompile Include="..\gperftools\src\sampler.cc" />
    <ClCompile Include="..\gperftools\src\span.cc" />
    <ClCompile Include="..\gperftools\src\stack_trace_table.cc" />
    <ClCompile Include="..\gperftools\src\stacktrace.cc" />
    <ClCompile Include="..\gperftools\src\base\spinlock.cc">
      <Filter>base</Filter>
    </ClCompile>
    <ClCompile Include="..\gperftools\src\base\spinlock_internal.cc">
      <Filter>base</Filter>
    </ClCompile>
    <ClCompile Include="..\gperftools\src\static_vars.cc" />
    <ClCompile Include="..\gperftools\src\symbolize.cc" />
    <ClCompile Include="..\gperftools\src\base\sysinfo.cc">
      <Filter>base</Filter>
    </ClCompile>
    <ClCompile Include="..\gperftools\src\thread_cache.cc" />
    <ClCompile Include="..\gperftools\src\heap-profiler.cc" />
    <ClCompile Include="..\gperftools\src\windows\system-alloc.cc">
      <Filter>windows</Filter>
    </ClCompile>
  </ItemGroup>
  <ItemGroup>
    <Filter Include="base">
      <UniqueIdentifier>{94664566-1404-44e0-b572-439f8c04ac3a}</UniqueIdentifier>
    </Filter>
    <Filter Include="windows">
      <UniqueIdentifier>{11b3f478-4e37-4244-8a51-3bcf265e3c50}</UniqueIdentifier>
    </Filter>
  </ItemGroup>
</Project>